
Microsoft Visual Studio Solution File, Format Version 12.00
# Visual Studio 15
VisualStudioVersion = 15.0.28307.489
MinimumVisualStudioVersion = 10.0.40219.1
Project("{FAE04EC0-301F-11D3-BF4B-00C04F79EFBC}") = "RazorPagesMovie", "RazorPagesMovie\RazorPagesMovie.csproj", "{B19796D0-E55A-4796-99AD-8D6253067557}"
EndProject
Global
	GlobalSection(SolutionConfigurationPlatforms) = preSolution
		Debug|Any CPU = Debug|Any CPU
		Release|Any CPU = Release|Any CPU
	EndGlobalSection
	GlobalSection(ProjectConfigurationPlatforms) = postSolution
		{B19796D0-E55A-4796-99AD-8D6253067557}.Debug|Any CPU.ActiveCfg = Debug|Any CPU
		{B19796D0-E55A-4796-99AD-8D6253067557}.Debug|Any CPU.Build.0 = Debug|Any CPU
		{B19796D0-E55A-4796-99AD-8D6253067557}.Release|Any CPU.ActiveCfg = Release|Any CPU
		{B19796D0-E55A-4796-99AD-8D6253067557}.Release|Any CPU.Build.0 = Release|Any CPU
	EndGlobalSection
	GlobalSection(SolutionProperties) = preSolution
		HideSolutionNode = FALSE
	EndGlobalSection
	GlobalSection(ExtensibilityGlobals) = postSolution
		SolutionGuid = {8D380103-C7E3-4D3B-86F9-2051202EE364}
	EndGlobalSection
EndGlobal
